// !$*UTF8*$!
{
	archiveVersion = 1;
	classes = {
	};
	objectVersion = 50;
	objects = {

/* Begin PBXBuildFile section */
		992F9E5D24415EE000B47020 /* StoryView.swift in Sources */ = {isa = PBXBuildFile; fileRef = 992F9E5C24415EE000B47020 /* StoryView.swift */; };
		992F9E5F244183D200B47020 /* QuizView.swift in Sources */ = {isa = PBXBuildFile; fileRef = 992F9E5E244183D200B47020 /* QuizView.swift */; };
		995321CB24354DA100DDFA42 /* MyFeedView.swift in Sources */ = {isa = PBXBuildFile; fileRef = 995321CA24354DA100DDFA42 /* MyFeedView.swift */; };
		997C4849242BBFA600F3D1A4 /* ArticlesList.swift in Sources */ = {isa = PBXBuildFile; fileRef = 997C4848242BBFA600F3D1A4 /* ArticlesList.swift */; };
		997D94D6242AE7E50017FD65 /* ResultsView.swift in Sources */ = {isa = PBXBuildFile; fileRef = 997D94D5242AE7E50017FD65 /* ResultsView.swift */; };
		9984681A242D438F00468362 /* Players.json in Resources */ = {isa = PBXBuildFile; fileRef = 99846819242D438F00468362 /* Players.json */; };
		99846822242D529C00468362 /* DragTestView.swift in Sources */ = {isa = PBXBuildFile; fileRef = 99846821242D529C00468362 /* DragTestView.swift */; };
		99846824242EA27B00468362 /* OnboardView.swift in Sources */ = {isa = PBXBuildFile; fileRef = 99846823242EA27B00468362 /* OnboardView.swift */; };
		99A0AAB32427FFB300F13F79 /* AppDelegate.swift in Sources */ = {isa = PBXBuildFile; fileRef = 99A0AAB22427FFB300F13F79 /* AppDelegate.swift */; };
		99A0AAB52427FFB300F13F79 /* SceneDelegate.swift in Sources */ = {isa = PBXBuildFile; fileRef = 99A0AAB42427FFB300F13F79 /* SceneDelegate.swift */; };
		99A0AAB72427FFB300F13F79 /* ContentView.swift in Sources */ = {isa = PBXBuildFile; fileRef = 99A0AAB62427FFB300F13F79 /* ContentView.swift */; };
		99A0AAB92427FFB500F13F79 /* Assets.xcassets in Resources */ = {isa = PBXBuildFile; fileRef = 99A0AAB82427FFB500F13F79 /* Assets.xcassets */; };
		99A0AABC2427FFB500F13F79 /* Preview Assets.xcassets in Resources */ = {isa = PBXBuildFile; fileRef = 99A0AABB2427FFB500F13F79 /* Preview Assets.xcassets */; };
		99A0AABF2427FFB500F13F79 /* LaunchScreen.storyboard in Resources */ = {isa = PBXBuildFile; fileRef = 99A0AABD2427FFB500F13F79 /* LaunchScreen.storyboard */; };
/* End PBXBuildFile section */

/* Begin PBXFileReference section */
		992F9E5C24415EE000B47020 /* StoryView.swift */ = {isa = PBXFileReference; lastKnownFileType = sourcecode.swift; path = StoryView.swift; sourceTree = "<group>"; };
		992F9E5E244183D200B47020 /* QuizView.swift */ = {isa = PBXFileReference; lastKnownFileType = sourcecode.swift; path = QuizView.swift; sourceTree = "<group>"; };
		995321CA24354DA100DDFA42 /* MyFeedView.swift */ = {isa = PBXFileReference; lastKnownFileType = sourcecode.swift; path = MyFeedView.swift; sourceTree = "<group>"; };
		997C4848242BBFA600F3D1A4 /* ArticlesList.swift */ = {isa = PBXFileReference; lastKnownFileType = sourcecode.swift; path = ArticlesList.swift; sourceTree = "<group>"; };
		997D94D5242AE7E50017FD65 /* ResultsView.swift */ = {isa = PBXFileReference; lastKnownFileType = sourcecode.swift; path = ResultsView.swift; sourceTree = "<group>"; };
		99846819242D438F00468362 /* Players.json */ = {isa = PBXFileReference; lastKnownFileType = text.json; path = Players.json; sourceTree = "<group>"; };
		99846821242D529C00468362 /* DragTestView.swift */ = {isa = PBXFileReference; lastKnownFileType = sourcecode.swift; path = DragTestView.swift; sourceTree = "<group>"; };
		99846823242EA27B00468362 /* OnboardView.swift */ = {isa = PBXFileReference; lastKnownFileType = sourcecode.swift; path = OnboardView.swift; sourceTree = "<group>"; };
		99A0AAAF2427FFB300F13F79 /* Epics.app */ = {isa = PBXFileReference; explicitFileType = wrapper.application; includeInIndex = 0; path = Epics.app; sourceTree = BUILT_PRODUCTS_DIR; };
		99A0AAB22427FFB300F13F79 /* AppDelegate.swift */ = {isa = PBXFileReference; lastKnownFileType = sourcecode.swift; path = AppDelegate.swift; sourceTree = "<group>"; };
		99A0AAB42427FFB300F13F79 /* SceneDelegate.swift */ = {isa = PBXFileReference; lastKnownFileType = sourcecode.swift; path = SceneDelegate.swift; sourceTree = "<group>"; };
		99A0AAB62427FFB300F13F79 /* ContentView.swift */ = {isa = PBXFileReference; lastKnownFileType = sourcecode.swift; path = ContentView.swift; sourceTree = "<group>"; };
		99A0AAB82427FFB500F13F79 /* Assets.xcassets */ = {isa = PBXFileReference; lastKnownFileType = folder.assetcatalog; path = Assets.xcassets; sourceTree = "<group>"; };
		99A0AABB2427FFB500F13F79 /* Preview Assets.xcassets */ = {isa = PBXFileReference; lastKnownFileType = folder.assetcatalog; path = "Preview Assets.xcassets"; sourceTree = "<group>"; };
		99A0AABE2427FFB500F13F79 /* Base */ = {isa = PBXFileReference; lastKnownFileType = file.storyboard; name = Base; path = Base.lproj/LaunchScreen.storyboard; sourceTree = "<group>"; };
		99A0AAC02427FFB500F13F79 /* Info.plist */ = {isa = PBXFileReference; lastKnownFileType = text.plist.xml; path = Info.plist; sourceTree = "<group>"; };
/* End PBXFileReference section */

/* Begin PBXFrameworksBuildPhase section */
		99A0AAAC2427FFB300F13F79 /* Frameworks */ = {
			isa = PBXFrameworksBuildPhase;
			buildActionMask = 2147483647;
			files = (
			);
			runOnlyForDeploymentPostprocessing = 0;
		};
/* End PBXFrameworksBuildPhase section */

/* Begin PBXGroup section */
		99A0AAA62427FFB300F13F79 = {
			isa = PBXGroup;
			children = (
				99A0AAB12427FFB300F13F79 /* EpicsApp */,
				99A0AAB02427FFB300F13F79 /* Products */,
			);
			sourceTree = "<group>";
		};
		99A0AAB02427FFB300F13F79 /* Products */ = {
			isa = PBXGroup;
			children = (
				99A0AAAF2427FFB300F13F79 /* Epics.app */,
			);
			name = Products;
			sourceTree = "<group>";
		};
		99A0AAB12427FFB300F13F79 /* EpicsApp */ = {
			isa = PBXGroup;
			children = (
				99A0AAB22427FFB300F13F79 /* AppDelegate.swift */,
				99A0AAB42427FFB300F13F79 /* SceneDelegate.swift */,
				99A0AAB62427FFB300F13F79 /* ContentView.swift */,
				99846823242EA27B00468362 /* OnboardView.swift */,
				992F9E5E244183D200B47020 /* QuizView.swift */,
				997D94D5242AE7E50017FD65 /* ResultsView.swift */,
				992F9E5C24415EE000B47020 /* StoryView.swift */,
				997C4848242BBFA600F3D1A4 /* ArticlesList.swift */,
				995321CA24354DA100DDFA42 /* MyFeedView.swift */,
				99846819242D438F00468362 /* Players.json */,
				99846821242D529C00468362 /* DragTestView.swift */,
				99A0AAB82427FFB500F13F79 /* Assets.xcassets */,
				99A0AABD2427FFB500F13F79 /* LaunchScreen.storyboard */,
				99A0AAC02427FFB500F13F79 /* Info.plist */,
				99A0AABA2427FFB500F13F79 /* Preview Content */,
			);
			path = EpicsApp;
			sourceTree = "<group>";
		};
		99A0AABA2427FFB500F13F79 /* Preview Content */ = {
			isa = PBXGroup;
			children = (
				99A0AABB2427FFB500F13F79 /* Preview Assets.xcassets */,
			);
			path = "Preview Content";
			sourceTree = "<group>";
		};
/* End PBXGroup section */

/* Begin PBXNativeTarget section */
		99A0AAAE2427FFB300F13F79 /* EpicsApp */ = {
			isa = PBXNativeTarget;
			buildConfigurationList = 99A0AAC32427FFB500F13F79 /* Build configuration list for PBXNativeTarget "EpicsApp" */;
			buildPhases = (
				99A0AAAB2427FFB300F13F79 /* Sources */,
				99A0AAAC2427FFB300F13F79 /* Frameworks */,
				99A0AAAD2427FFB300F13F79 /* Resources */,
			);
			buildRules = (
			);
			dependencies = (
			);
			name = EpicsApp;
			productName = EpicsApp;
			productReference = 99A0AAAF2427FFB300F13F79 /* Epics.app */;
			productType = "com.apple.product-type.application";
		};
/* End PBXNativeTarget section */

/* Begin PBXProject section */
		99A0AAA72427FFB300F13F79 /* Project object */ = {
			isa = PBXProject;
			attributes = {
				LastSwiftUpdateCheck = 1130;
				LastUpgradeCheck = 1130;
				ORGANIZATIONNAME = "Carlo Forrest Dormiendo";
				TargetAttributes = {
					99A0AAAE2427FFB300F13F79 = {
						CreatedOnToolsVersion = 11.3.1;
					};
				};
			};
			buildConfigurationList = 99A0AAAA2427FFB300F13F79 /* Build configuration list for PBXProject "EpicsApp" */;
			compatibilityVersion = "Xcode 9.3";
			developmentRegion = en;
			hasScannedForEncodings = 0;
			knownRegions = (
				en,
				Base,
			);
			mainGroup = 99A0AAA62427FFB300F13F79;
			productRefGroup = 99A0AAB02427FFB300F13F79 /* Products */;
			projectDirPath = "";
			projectRoot = "";
			targets = (
				99A0AAAE2427FFB300F13F79 /* EpicsApp */,
			);
		};
/* End PBXProject section */

/* Begin PBXResourcesBuildPhase section */
		99A0AAAD2427FFB300F13F79 /* Resources */ = {
			isa = PBXResourcesBuildPhase;
			buildActionMask = 2147483647;
			files = (
				9984681A242D438F00468362 /* Players.json in Resources */,
				99A0AABF2427FFB500F13F79 /* LaunchScreen.storyboard in Resources */,
				99A0AABC2427FFB500F13F79 /* Preview Assets.xcassets in Resources */,
				99A0AAB92427FFB500F13F79 /* Assets.xcassets in Resources */,
			);
			runOnlyForDeploymentPostprocessing = 0;
		};
/* End PBXResourcesBuildPhase section */

/* Begin PBXSourcesBuildPhase section */
		99A0AAAB2427FFB300F13F79 /* Sources */ = {
			isa = PBXSourcesBuildPhase;
			buildActionMask = 2147483647;
			files = (
				99A0AAB32427FFB300F13F79 /* AppDelegate.swift in Sources */,
				997D94D6242AE7E50017FD65 /* ResultsView.swift in Sources */,
				992F9E5F244183D200B47020 /* QuizView.swift in Sources */,
				997C4849242BBFA600F3D1A4 /* ArticlesList.swift in Sources */,
				995321CB24354DA100DDFA42 /* MyFeedView.swift in Sources */,
				99846822242D529C00468362 /* DragTestView.swift in Sources */,
				992F9E5D24415EE000B47020 /* StoryView.swift in Sources */,
				99846824242EA27B00468362 /* OnboardView.swift in Sources */,
				99A0AAB52427FFB300F13F79 /* SceneDelegate.swift in Sources */,
				99A0AAB72427FFB300F13F79 /* ContentView.swift in Sources */,
			);
			runOnlyForDeploymentPostprocessing = 0;
		};
/* End PBXSourcesBuildPhase section */

/* Begin PBXVariantGroup section */
		99A0AABD2427FFB500F13F79 /* LaunchScreen.storyboard */ = {
			isa = PBXVariantGroup;
			children = (
				99A0AABE2427FFB500F13F79 /* Base */,
			);
			name = LaunchScreen.storyboard;
			sourceTree = "<group>";
		};
/* End PBXVariantGroup section */

/* Begin XCBuildConfiguration section */
		99A0AAC12427FFB500F13F79 /* Debug */ = {
			isa = XCBuildConfiguration;
			buildSettings = {
				ALWAYS_SEARCH_USER_PATHS = NO;
				CLANG_ANALYZER_NONNULL = YES;
				CLANG_ANALYZER_NUMBER_OBJECT_CONVERSION = YES_AGGRESSIVE;
				CLANG_CXX_LANGUAGE_STANDARD = "gnu++14";
				CLANG_CXX_LIBRARY = "libc++";
				CLANG_ENABLE_MODULES = YES;
				CLANG_ENABLE_OBJC_ARC = YES;
				CLANG_ENABLE_OBJC_WEAK = YES;
				CLANG_WARN_BLOCK_CAPTURE_AUTORELEASING = YES;
				CLANG_WARN_BOOL_CONVERSION = YES;
				CLANG_WARN_COMMA = YES;
				CLANG_WARN_CONSTANT_CONVERSION = YES;
				CLANG_WARN_DEPRECATED_OBJC_IMPLEMENTATIONS = YES;
				CLANG_WARN_DIRECT_OBJC_ISA_USAGE = YES_ERROR;
				CLANG_WARN_DOCUMENTATION_COMMENTS = YES;
				CLANG_WARN_EMPTY_BODY = YES;
				CLANG_WARN_ENUM_CONVERSION = YES;
				CLANG_WARN_INFINITE_RECURSION = YES;
				CLANG_WARN_INT_CONVERSION = YES;
				CLANG_WARN_NON_LITERAL_NULL_CONVERSION = YES;
				CLANG_WARN_OBJC_IMPLICIT_RETAIN_SELF = YES;
				CLANG_WARN_OBJC_LITERAL_CONVERSION = YES;
				CLANG_WARN_OBJC_ROOT_CLASS = YES_ERROR;
				CLANG_WARN_RANGE_LOOP_ANALYSIS = YES;
				CLANG_WARN_STRICT_PROTOTYPES = YES;
				CLANG_WARN_SUSPICIOUS_MOVE = YES;
				CLANG_WARN_UNGUARDED_AVAILABILITY = YES_AGGRESSIVE;
				CLANG_WARN_UNREACHABLE_CODE = YES;
				CLANG_WARN__DUPLICATE_METHOD_MATCH = YES;
				COPY_PHASE_STRIP = NO;
				DEBUG_INFORMATION_FORMAT = dwarf;
				ENABLE_STRICT_OBJC_MSGSEND = YES;
				ENABLE_TESTABILITY = YES;
				GCC_C_LANGUAGE_STANDARD = gnu11;
				GCC_DYNAMIC_NO_PIC = NO;
				GCC_NO_COMMON_BLOCKS = YES;
				GCC_OPTIMIZATION_LEVEL = 0;
				GCC_PREPROCESSOR_DEFINITIONS = (
					"DEBUG=1",
					"$(inherited)",
				);
				GCC_WARN_64_TO_32_BIT_CONVERSION = YES;
				GCC_WARN_ABOUT_RETURN_TYPE = YES_ERROR;
				GCC_WARN_UNDECLARED_SELECTOR = YES;
				GCC_WARN_UNINITIALIZED_AUTOS = YES_AGGRESSIVE;
				GCC_WARN_UNUSED_FUNCTION = YES;
				GCC_WARN_UNUSED_VARIABLE = YES;
				IPHONEOS_DEPLOYMENT_TARGET = 13.2;
				MTL_ENABLE_DEBUG_INFO = INCLUDE_SOURCE;
				MTL_FAST_MATH = YES;
				ONLY_ACTIVE_ARCH = YES;
				SDKROOT = iphoneos;
				SWIFT_ACTIVE_COMPILATION_CONDITIONS = DEBUG;
				SWIFT_OPTIMIZATION_LEVEL = "-Onone";
			};
			name = Debug;
		};
		99A0AAC22427FFB500F13F79 /* Release */ = {
			isa = XCBuildConfiguration;
			buildSettings = {
				ALWAYS_SEARCH_USER_PATHS = NO;
				CLANG_ANALYZER_NONNULL = YES;
				CLANG_ANALYZER_NUMBER_OBJECT_CONVERSION = YES_AGGRESSIVE;
				CLANG_CXX_LANGUAGE_STANDARD = "gnu++14";
				CLANG_CXX_LIBRARY = "libc++";
				CLANG_ENABLE_MODULES = YES;
				CLANG_ENABLE_OBJC_ARC = YES;
				CLANG_ENABLE_OBJC_WEAK = YES;
				CLANG_WARN_BLOCK_CAPTURE_AUTORELEASING = YES;
				CLANG_WARN_BOOL_CONVERSION = YES;
				CLANG_WARN_COMMA = YES;
				CLANG_WARN_CONSTANT_CONVERSION = YES;
				CLANG_WARN_DEPRECATED_OBJC_IMPLEMENTATIONS = YES;
				CLANG_WARN_DIRECT_OBJC_ISA_USAGE = YES_ERROR;
				CLANG_WARN_DOCUMENTATION_COMMENTS = YES;
				CLANG_WARN_EMPTY_BODY = YES;
				CLANG_WARN_ENUM_CONVERSION = YES;
				CLANG_WARN_INFINITE_RECURSION = YES;
				CLANG_WARN_INT_CONVERSION = YES;
				CLANG_WARN_NON_LITERAL_NULL_CONVERSION = YES;
				CLANG_WARN_OBJC_IMPLICIT_RETAIN_SELF = YES;
				CLANG_WARN_OBJC_LITERAL_CONVERSION = YES;
				CLANG_WARN_OBJC_ROOT_CLASS = YES_ERROR;
				CLANG_WARN_RANGE_LOOP_ANALYSIS = YES;
				CLANG_WARN_STRICT_PROTOTYPES = YES;
				CLANG_WARN_SUSPICIOUS_MOVE = YES;
				CLANG_WARN_UNGUARDED_AVAILABILITY = YES_AGGRESSIVE;
				CLANG_WARN_UNREACHABLE_CODE = YES;
				CLANG_WARN__DUPLICATE_METHOD_MATCH = YES;
				COPY_PHASE_STRIP = NO;
				DEBUG_INFORMATION_FORMAT = "dwarf-with-dsym";
				ENABLE_NS_ASSERTIONS = NO;
				ENABLE_STRICT_OBJC_MSGSEND = YES;
				GCC_C_LANGUAGE_STANDARD = gnu11;
				GCC_NO_COMMON_BLOCKS = YES;
				GCC_WARN_64_TO_32_BIT_CONVERSION = YES;
				GCC_WARN_ABOUT_RETURN_TYPE = YES_ERROR;
				GCC_WARN_UNDECLARED_SELECTOR = YES;
				GCC_WARN_UNINITIALIZED_AUTOS = YES_AGGRESSIVE;
				GCC_WARN_UNUSED_FUNCTION = YES;
				GCC_WARN_UNUSED_VARIABLE = YES;
				IPHONEOS_DEPLOYMENT_TARGET = 13.2;
				MTL_ENABLE_DEBUG_INFO = NO;
				MTL_FAST_MATH = YES;
				SDKROOT = iphoneos;
				SWIFT_COMPILATION_MODE = wholemodule;
				SWIFT_OPTIMIZATION_LEVEL = "-O";
				VALIDATE_PRODUCT = YES;
			};
			name = Release;
		};
		99A0AAC42427FFB500F13F79 /* Debug */ = {
			isa = XCBuildConfiguration;
			buildSettings = {
				ASSETCATALOG_COMPILER_APPICON_NAME = AppIcon;
				CODE_SIGN_STYLE = Automatic;
				DEVELOPMENT_ASSET_PATHS = "\"EpicsApp/Preview Content\"";
				DEVELOPMENT_TEAM = MB7PKCD62M;
				ENABLE_PREVIEWS = YES;
				INFOPLIST_FILE = EpicsApp/Info.plist;
				IPHONEOS_DEPLOYMENT_TARGET = 13.2;
				LD_RUNPATH_SEARCH_PATHS = (
					"$(inherited)",
					"@executable_path/Frameworks",
				);
				PRODUCT_BUNDLE_IDENTIFIER = com.carloforrest.EpicsApp;
				PRODUCT_NAME = Epics;
				SWIFT_VERSION = 5.0;
				TARGETED_DEVICE_FAMILY = 1;
			};
			name = Debug;
		};
		99A0AAC52427FFB500F13F79 /* Release */ = {
			isa = XCBuildConfiguration;
			buildSettings = {
				ASSETCATALOG_COMPILER_APPICON_NAME = AppIcon;
				CODE_SIGN_STYLE = Automatic;
				DEVELOPMENT_ASSET_PATHS = "\"EpicsApp/Preview Content\"";
				DEVELOPMENT_TEAM = MB7PKCD62M;
				ENABLE_PREVIEWS = YES;
				INFOPLIST_FILE = EpicsApp/Info.plist;
				IPHONEOS_DEPLOYMENT_TARGET = 13.2;
				LD_RUNPATH_SEARCH_PATHS = (
					"$(inherited)",
					"@executable_path/Frameworks",
				);
				PRODUCT_BUNDLE_IDENTIFIER = com.carloforrest.EpicsApp;
				PRODUCT_NAME = Epics;
				SWIFT_VERSION = 5.0;
				TARGETED_DEVICE_FAMILY = 1;
			};
			name = Release;
		};
/* End XCBuildConfiguration section */

/* Begin XCConfigurationList section */
		99A0AAAA2427FFB300F13F79 /* Build configuration list for PBXProject "EpicsApp" */ = {
			isa = XCConfigurationList;
			buildConfigurations = (
				99A0AAC12427FFB500F13F79 /* Debug */,
				99A0AAC22427FFB500F13F79 /* Release */,
			);
			defaultConfigurationIsVisible = 0;
			defaultConfigurationName = Release;
		};
		99A0AAC32427FFB500F13F79 /* Build configuration list for PBXNativeTarget "EpicsApp" */ = {
			isa = XCConfigurationList;
			buildConfigurations = (
				99A0AAC42427FFB500F13F79 /* Debug */,
				99A0AAC52427FFB500F13F79 /* Release */,
			);
			defaultConfigurationIsVisible = 0;
			defaultConfigurationName = Release;
		};
/* End XCConfigurationList section */
	};
	rootObject = 99A0AAA72427FFB300F13F79 /* Project object */;
}
